
Microsoft Visual Studio Solution File, Format Version 12.00
# Visual Studio 15
VisualStudioVersion = 15.0.26730.12
MinimumVisualStudioVersion = 10.0.40219.1
Project("{9A19103F-16F7-4668-BE54-9A1E7A4F7556}") = "ApiCore", "ApiCore\ApiCore.csproj", "{1B1E5BCA-C006-49C8-9E27-F0F5738B468C}"
EndProject
Project("{9A19103F-16F7-4668-BE54-9A1E7A4F7556}") = "ChatHexagone", "ChatHex\ChatHexagone.csproj", "{497E6305-76C8-4298-B94F-B0B2930CDE5B}"
EndProject
Global
	GlobalSection(SolutionConfigurationPlatforms) = preSolution
		Debug|Any CPU = Debug|Any CPU
		Release|Any CPU = Release|Any CPU
	EndGlobalSection
	GlobalSection(ProjectConfigurationPlatforms) = postSolution
		{1B1E5BCA-C006-49C8-9E27-F0F5738B468C}.Debug|Any CPU.ActiveCfg = Debug|Any CPU
		{1B1E5BCA-C006-49C8-9E27-F0F5738B468C}.Debug|Any CPU.Build.0 = Debug|Any CPU
		{1B1E5BCA-C006-49C8-9E27-F0F5738B468C}.Release|Any CPU.ActiveCfg = Release|Any CPU
		{1B1E5BCA-C006-49C8-9E27-F0F5738B468C}.Release|Any CPU.Build.0 = Release|Any CPU
		{497E6305-76C8-4298-B94F-B0B2930CDE5B}.Debug|Any CPU.ActiveCfg = Debug|Any CPU
		{497E6305-76C8-4298-B94F-B0B2930CDE5B}.Debug|Any CPU.Build.0 = Debug|Any CPU
		{497E6305-76C8-4298-B94F-B0B2930CDE5B}.Release|Any CPU.ActiveCfg = Release|Any CPU
		{497E6305-76C8-4298-B94F-B0B2930CDE5B}.Release|Any CPU.Build.0 = Release|Any CPU
	EndGlobalSection
	GlobalSection(SolutionProperties) = preSolution
		HideSolutionNode = FALSE
	EndGlobalSection
	GlobalSection(ExtensibilityGlobals) = postSolution
		SolutionGuid = {1405B743-E630-4371-841B-40EC02164CC9}
	EndGlobalSection
EndGlobal
